
Microsoft Visual Studio Solution File, Format Version 12.00
# Visual Studio 15
VisualStudioVersion = 15.0.27703.2035
MinimumVisualStudioVersion = 10.0.40219.1
Project("{FAE04EC0-301F-11D3-BF4B-00C04F79EFBC}") = "XFit", "XFit\XFit.csproj", "{15B34E3C-BEA1-4867-B7A6-EB8877D680DE}"
EndProject
Project("{FAE04EC0-301F-11D3-BF4B-00C04F79EFBC}") = "BibTest", "BibTest\BibTest.csproj", "{BAAA1145-7559-4934-A284-13D08EA7EF6D}"
EndProject
Global
	GlobalSection(Performance) = preSolution
		HasPerformanceSessions = true
	EndGlobalSection
	GlobalSection(SolutionConfigurationPlatforms) = preSolution
		Debug|Any CPU = Debug|Any CPU
		Release|Any CPU = Release|Any CPU
	EndGlobalSection
	GlobalSection(ProjectConfigurationPlatforms) = postSolution
		{15B34E3C-BEA1-4867-B7A6-EB8877D680DE}.Debug|Any CPU.ActiveCfg = Debug|Any CPU
		{15B34E3C-BEA1-4867-B7A6-EB8877D680DE}.Debug|Any CPU.Build.0 = Debug|Any CPU
		{15B34E3C-BEA1-4867-B7A6-EB8877D680DE}.Release|Any CPU.ActiveCfg = Release|Any CPU
		{15B34E3C-BEA1-4867-B7A6-EB8877D680DE}.Release|Any CPU.Build.0 = Release|Any CPU
		{BAAA1145-7559-4934-A284-13D08EA7EF6D}.Debug|Any CPU.ActiveCfg = Debug|Any CPU
		{BAAA1145-7559-4934-A284-13D08EA7EF6D}.Debug|Any CPU.Build.0 = Debug|Any CPU
		{BAAA1145-7559-4934-A284-13D08EA7EF6D}.Release|Any CPU.ActiveCfg = Release|Any CPU
		{BAAA1145-7559-4934-A284-13D08EA7EF6D}.Release|Any CPU.Build.0 = Release|Any CPU
	EndGlobalSection
	GlobalSection(SolutionProperties) = preSolution
		HideSolutionNode = FALSE
	EndGlobalSection
	GlobalSection(ExtensibilityGlobals) = postSolution
		SolutionGuid = {B5168DC6-ABF4-41B3-B624-4DF35D569270}
	EndGlobalSection
	GlobalSection(Performance) = preSolution
		HasPerformanceSessions = true
	EndGlobalSection
	GlobalSection(Performance) = preSolution
		HasPerformanceSessions = true
	EndGlobalSection
EndGlobal
